
Microsoft Visual Studio Solution File, Format Version 12.00
# Visual Studio Version 16
VisualStudioVersion = 16.0.29613.14
MinimumVisualStudioVersion = 10.0.40219.1
Project("{8BC9CEB8-8B4A-11D0-8D11-00A0C91BC942}") = "opp_labrab8", "opp_labrab8\opp_labrab8.vcxproj", "{AE1E18F3-64D9-4254-AC0D-C668B7711372}"
EndProject
Global
	GlobalSection(SolutionConfigurationPlatforms) = preSolution
		Debug|x64 = Debug|x64
		Debug|x86 = Debug|x86
		Release|x64 = Release|x64
		Release|x86 = Release|x86
	EndGlobalSection
	GlobalSection(ProjectConfigurationPlatforms) = postSolution
		{AE1E18F3-64D9-4254-AC0D-C668B7711372}.Debug|x64.ActiveCfg = Debug|x64
		{AE1E18F3-64D9-4254-AC0D-C668B7711372}.Debug|x64.Build.0 = Debug|x64
		{AE1E18F3-64D9-4254-AC0D-C668B7711372}.Debug|x86.ActiveCfg = Debug|Win32
		{AE1E18F3-64D9-4254-AC0D-C668B7711372}.Debug|x86.Build.0 = Debug|Win32
		{AE1E18F3-64D9-4254-AC0D-C668B7711372}.Release|x64.ActiveCfg = Release|x64
		{AE1E18F3-64D9-4254-AC0D-C668B7711372}.Release|x64.Build.0 = Release|x64
		{AE1E18F3-64D9-4254-AC0D-C668B7711372}.Release|x86.ActiveCfg = Release|Win32
		{AE1E18F3-64D9-4254-AC0D-C668B7711372}.Release|x86.Build.0 = Release|Win32
	EndGlobalSection
	GlobalSection(SolutionProperties) = preSolution
		HideSolutionNode = FALSE
	EndGlobalSection
	GlobalSection(ExtensibilityGlobals) = postSolution
		SolutionGuid = {BF5F080E-D58B-482B-BD68-7FFADC78EF75}
	EndGlobalSection
EndGlobal
